// !$*UTF8*$!
{
	archiveVersion = 1;
	classes = {
	};
	objectVersion = 50;
	objects = {

/* Begin PBXBuildFile section */
		F9D44BED24AADA830034F14A /* AppDelegate.m in Sources */ = {isa = PBXBuildFile; fileRef = F9D44BEC24AADA830034F14A /* AppDelegate.m */; };
		F9D44BF024AADA830034F14A /* SceneDelegate.m in Sources */ = {isa = PBXBuildFile; fileRef = F9D44BEF24AADA830034F14A /* SceneDelegate.m */; };
		F9D44BF324AADA830034F14A /* ViewController.m in Sources */ = {isa = PBXBuildFile; fileRef = F9D44BF224AADA830034F14A /* ViewController.m */; };
		F9D44BF624AADA830034F14A /* Main.storyboard in Resources */ = {isa = PBXBuildFile; fileRef = F9D44BF424AADA830034F14A /* Main.storyboard */; };
		F9D44BF824AADA860034F14A /* Assets.xcassets in Resources */ = {isa = PBXBuildFile; fileRef = F9D44BF724AADA860034F14A /* Assets.xcassets */; };
		F9D44BFB24AADA860034F14A /* LaunchScreen.storyboard in Resources */ = {isa = PBXBuildFile; fileRef = F9D44BF924AADA860034F14A /* LaunchScreen.storyboard */; };
		F9D44BFE24AADA860034F14A /* main.m in Sources */ = {isa = PBXBuildFile; fileRef = F9D44BFD24AADA860034F14A /* main.m */; };
		F9D44C0824AADA870034F14A /* GCDDemoTests.m in Sources */ = {isa = PBXBuildFile; fileRef = F9D44C0724AADA870034F14A /* GCDDemoTests.m */; };
		F9D44C1324AADA870034F14A /* GCDDemoUITests.m in Sources */ = {isa = PBXBuildFile; fileRef = F9D44C1224AADA870034F14A /* GCDDemoUITests.m */; };
/* End PBXBuildFile section */

/* Begin PBXContainerItemProxy section */
		F9D44C0424AADA870034F14A /* PBXContainerItemProxy */ = {
			isa = PBXContainerItemProxy;
			containerPortal = F9D44BE024AADA830034F14A /* Project object */;
			proxyType = 1;
			remoteGlobalIDString = F9D44BE724AADA830034F14A;
			remoteInfo = GCDDemo;
		};
		F9D44C0F24AADA870034F14A /* PBXContainerItemProxy */ = {
			isa = PBXContainerItemProxy;
			containerPortal = F9D44BE024AADA830034F14A /* Project object */;
			proxyType = 1;
			remoteGlobalIDString = F9D44BE724AADA830034F14A;
			remoteInfo = GCDDemo;
		};
/* End PBXContainerItemProxy section */

/* Begin PBXFileReference section */
		F9D44BE824AADA830034F14A /* GCDDemo.app */ = {isa = PBXFileReference; explicitFileType = wrapper.application; includeInIndex = 0; path = GCDDemo.app; sourceTree = BUILT_PRODUCTS_DIR; };
		F9D44BEB24AADA830034F14A /* AppDelegate.h */ = {isa = PBXFileReference; lastKnownFileType = sourcecode.c.h; path = AppDelegate.h; sourceTree = "<group>"; };
		F9D44BEC24AADA830034F14A /* AppDelegate.m */ = {isa = PBXFileReference; lastKnownFileType = sourcecode.c.objc; path = AppDelegate.m; sourceTree = "<group>"; };
		F9D44BEE24AADA830034F14A /* SceneDelegate.h */ = {isa = PBXFileReference; lastKnownFileType = sourcecode.c.h; path = SceneDelegate.h; sourceTree = "<group>"; };
		F9D44BEF24AADA830034F14A /* SceneDelegate.m */ = {isa = PBXFileReference; lastKnownFileType = sourcecode.c.objc; path = SceneDelegate.m; sourceTree = "<group>"; };
		F9D44BF124AADA830034F14A /* ViewController.h */ = {isa = PBXFileReference; lastKnownFileType = sourcecode.c.h; path = ViewController.h; sourceTree = "<group>"; };
		F9D44BF224AADA830034F14A /* ViewController.m */ = {isa = PBXFileReference; lastKnownFileType = sourcecode.c.objc; path = ViewController.m; sourceTree = "<group>"; };
		F9D44BF524AADA830034F14A /* Base */ = {isa = PBXFileReference; lastKnownFileType = file.storyboard; name = Base; path = Base.lproj/Main.storyboard; sourceTree = "<group>"; };
		F9D44BF724AADA860034F14A /* Assets.xcassets */ = {isa = PBXFileReference; lastKnownFileType = folder.assetcatalog; path = Assets.xcassets; sourceTree = "<group>"; };
		F9D44BFA24AADA860034F14A /* Base */ = {isa = PBXFileReference; lastKnownFileType = file.storyboard; name = Base; path = Base.lproj/LaunchScreen.storyboard; sourceTree = "<group>"; };
		F9D44BFC24AADA860034F14A /* Info.plist */ = {isa = PBXFileReference; lastKnownFileType = text.plist.xml; path = Info.plist; sourceTree = "<group>"; };
		F9D44BFD24AADA860034F14A /* main.m */ = {isa = PBXFileReference; lastKnownFileType = sourcecode.c.objc; path = main.m; sourceTree = "<group>"; };
		F9D44C0324AADA870034F14A /* GCDDemoTests.xctest */ = {isa = PBXFileReference; explicitFileType = wrapper.cfbundle; includeInIndex = 0; path = GCDDemoTests.xctest; sourceTree = BUILT_PRODUCTS_DIR; };
		F9D44C0724AADA870034F14A /* GCDDemoTests.m */ = {isa = PBXFileReference; lastKnownFileType = sourcecode.c.objc; path = GCDDemoTests.m; sourceTree = "<group>"; };
		F9D44C0924AADA870034F14A /* Info.plist */ = {isa = PBXFileReference; lastKnownFileType = text.plist.xml; path = Info.plist; sourceTree = "<group>"; };
		F9D44C0E24AADA870034F14A /* GCDDemoUITests.xctest */ = {isa = PBXFileReference; explicitFileType = wrapper.cfbundle; includeInIndex = 0; path = GCDDemoUITests.xctest; sourceTree = BUILT_PRODUCTS_DIR; };
		F9D44C1224AADA870034F14A /* GCDDemoUITests.m */ = {isa = PBXFileReference; lastKnownFileType = sourcecode.c.objc; path = GCDDemoUITests.m; sourceTree = "<group>"; };
		F9D44C1424AADA870034F14A /* Info.plist */ = {isa = PBXFileReference; lastKnownFileType = text.plist.xml; path = Info.plist; sourceTree = "<group>"; };
/* End PBXFileReference section */

/* Begin PBXFrameworksBuildPhase section */
		F9D44BE524AADA830034F14A /* Frameworks */ = {
			isa = PBXFrameworksBuildPhase;
			buildActionMask = 2147483647;
			files = (
			);
			runOnlyForDeploymentPostprocessing = 0;
		};
		F9D44C0024AADA870034F14A /* Frameworks */ = {
			isa = PBXFrameworksBuildPhase;
			buildActionMask = 2147483647;
			files = (
			);
			runOnlyForDeploymentPostprocessing = 0;
		};
		F9D44C0B24AADA870034F14A /* Frameworks */ = {
			isa = PBXFrameworksBuildPhase;
			buildActionMask = 2147483647;
			files = (
			);
			runOnlyForDeploymentPostprocessing = 0;
		};
/* End PBXFrameworksBuildPhase section */

/* Begin PBXGroup section */
		F9D44BDF24AADA830034F14A = {
			isa = PBXGroup;
			children = (
				F9D44BEA24AADA830034F14A /* GCDDemo */,
				F9D44C0624AADA870034F14A /* GCDDemoTests */,
				F9D44C1124AADA870034F14A /* GCDDemoUITests */,
				F9D44BE924AADA830034F14A /* Products */,
			);
			sourceTree = "<group>";
		};
		F9D44BE924AADA830034F14A /* Products */ = {
			isa = PBXGroup;
			children = (
				F9D44BE824AADA830034F14A /* GCDDemo.app */,
				F9D44C0324AADA870034F14A /* GCDDemoTests.xctest */,
				F9D44C0E24AADA870034F14A /* GCDDemoUITests.xctest */,
			);
			name = Products;
			sourceTree = "<group>";
		};
		F9D44BEA24AADA830034F14A /* GCDDemo */ = {
			isa = PBXGroup;
			children = (
				F9D44BEB24AADA830034F14A /* AppDelegate.h */,
				F9D44BEC24AADA830034F14A /* AppDelegate.m */,
				F9D44BEE24AADA830034F14A /* SceneDelegate.h */,
				F9D44BEF24AADA830034F14A /* SceneDelegate.m */,
				F9D44BF124AADA830034F14A /* ViewController.h */,
				F9D44BF224AADA830034F14A /* ViewController.m */,
				F9D44BF424AADA830034F14A /* Main.storyboard */,
				F9D44BF724AADA860034F14A /* Assets.xcassets */,
				F9D44BF924AADA860034F14A /* LaunchScreen.storyboard */,
				F9D44BFC24AADA860034F14A /* Info.plist */,
				F9D44BFD24AADA860034F14A /* main.m */,
			);
			path = GCDDemo;
			sourceTree = "<group>";
		};
		F9D44C0624AADA870034F14A /* GCDDemoTests */ = {
			isa = PBXGroup;
			children = (
				F9D44C0724AADA870034F14A /* GCDDemoTests.m */,
				F9D44C0924AADA870034F14A /* Info.plist */,
			);
			path = GCDDemoTests;
			sourceTree = "<group>";
		};
		F9D44C1124AADA870034F14A /* GCDDemoUITests */ = {
			isa = PBXGroup;
			children = (
				F9D44C1224AADA870034F14A /* GCDDemoUITests.m */,
				F9D44C1424AADA870034F14A /* Info.plist */,
			);
			path = GCDDemoUITests;
			sourceTree = "<group>";
		};
/* End PBXGroup section */

/* Begin PBXNativeTarget section */
		F9D44BE724AADA830034F14A /* GCDDemo */ = {
			isa = PBXNativeTarget;
			buildConfigurationList = F9D44C1724AADA870034F14A /* Build configuration list for PBXNativeTarget "GCDDemo" */;
			buildPhases = (
				F9D44BE424AADA830034F14A /* Sources */,
				F9D44BE524AADA830034F14A /* Frameworks */,
				F9D44BE624AADA830034F14A /* Resources */,
			);
			buildRules = (
			);
			dependencies = (
			);
			name = GCDDemo;
			productName = GCDDemo;
			productReference = F9D44BE824AADA830034F14A /* GCDDemo.app */;
			productType = "com.apple.product-type.application";
		};
		F9D44C0224AADA870034F14A /* GCDDemoTests */ = {
			isa = PBXNativeTarget;
			buildConfigurationList = F9D44C1A24AADA870034F14A /* Build configuration list for PBXNativeTarget "GCDDemoTests" */;
			buildPhases = (
				F9D44BFF24AADA870034F14A /* Sources */,
				F9D44C0024AADA870034F14A /* Frameworks */,
				F9D44C0124AADA870034F14A /* Resources */,
			);
			buildRules = (
			);
			dependencies = (
				F9D44C0524AADA870034F14A /* PBXTargetDependency */,
			);
			name = GCDDemoTests;
			productName = GCDDemoTests;
			productReference = F9D44C0324AADA870034F14A /* GCDDemoTests.xctest */;
			productType = "com.apple.product-type.bundle.unit-test";
		};
		F9D44C0D24AADA870034F14A /* GCDDemoUITests */ = {
			isa = PBXNativeTarget;
			buildConfigurationList = F9D44C1D24AADA870034F14A /* Build configuration list for PBXNativeTarget "GCDDemoUITests" */;
			buildPhases = (
				F9D44C0A24AADA870034F14A /* Sources */,
				F9D44C0B24AADA870034F14A /* Frameworks */,
				F9D44C0C24AADA870034F14A /* Resources */,
			);
			buildRules = (
			);
			dependencies = (
				F9D44C1024AADA870034F14A /* PBXTargetDependency */,
			);
			name = GCDDemoUITests;
			productName = GCDDemoUITests;
			productReference = F9D44C0E24AADA870034F14A /* GCDDemoUITests.xctest */;
			productType = "com.apple.product-type.bundle.ui-testing";
		};
/* End PBXNativeTarget section */

/* Begin PBXProject section */
		F9D44BE024AADA830034F14A /* Project object */ = {
			isa = PBXProject;
			attributes = {
				LastUpgradeCheck = 1150;
				ORGANIZATIONNAME = ymy;
				TargetAttributes = {
					F9D44BE724AADA830034F14A = {
						CreatedOnToolsVersion = 11.5;
					};
					F9D44C0224AADA870034F14A = {
						CreatedOnToolsVersion = 11.5;
						TestTargetID = F9D44BE724AADA830034F14A;
					};
					F9D44C0D24AADA870034F14A = {
						CreatedOnToolsVersion = 11.5;
						TestTargetID = F9D44BE724AADA830034F14A;
					};
				};
			};
			buildConfigurationList = F9D44BE324AADA830034F14A /* Build configuration list for PBXProject "GCDDemo" */;
			compatibilityVersion = "Xcode 9.3";
			developmentRegion = en;
			hasScannedForEncodings = 0;
			knownRegions = (
				en,
				Base,
			);
			mainGroup = F9D44BDF24AADA830034F14A;
			productRefGroup = F9D44BE924AADA830034F14A /* Products */;
			projectDirPath = "";
			projectRoot = "";
			targets = (
				F9D44BE724AADA830034F14A /* GCDDemo */,
				F9D44C0224AADA870034F14A /* GCDDemoTests */,
				F9D44C0D24AADA870034F14A /* GCDDemoUITests */,
			);
		};
/* End PBXProject section */

/* Begin PBXResourcesBuildPhase section */
		F9D44BE624AADA830034F14A /* Resources */ = {
			isa = PBXResourcesBuildPhase;
			buildActionMask = 2147483647;
			files = (
				F9D44BFB24AADA860034F14A /* LaunchScreen.storyboard in Resources */,
				F9D44BF824AADA860034F14A /* Assets.xcassets in Resources */,
				F9D44BF624AADA830034F14A /* Main.storyboard in Resources */,
			);
			runOnlyForDeploymentPostprocessing = 0;
		};
		F9D44C0124AADA870034F14A /* Resources */ = {
			isa = PBXResourcesBuildPhase;
			buildActionMask = 2147483647;
			files = (
			);
			runOnlyForDeploymentPostprocessing = 0;
		};
		F9D44C0C24AADA870034F14A /* Resources */ = {
			isa = PBXResourcesBuildPhase;
			buildActionMask = 2147483647;
			files = (
			);
			runOnlyForDeploymentPostprocessing = 0;
		};
/* End PBXResourcesBuildPhase section */

/* Begin PBXSourcesBuildPhase section */
		F9D44BE424AADA830034F14A /* Sources */ = {
			isa = PBXSourcesBuildPhase;
			buildActionMask = 2147483647;
			files = (
				F9D44BF324AADA830034F14A /* ViewController.m in Sources */,
				F9D44BED24AADA830034F14A /* AppDelegate.m in Sources */,
				F9D44BFE24AADA860034F14A /* main.m in Sources */,
				F9D44BF024AADA830034F14A /* SceneDelegate.m in Sources */,
			);
			runOnlyForDeploymentPostprocessing = 0;
		};
		F9D44BFF24AADA870034F14A /* Sources */ = {
			isa = PBXSourcesBuildPhase;
			buildActionMask = 2147483647;
			files = (
				F9D44C0824AADA870034F14A /* GCDDemoTests.m in Sources */,
			);
			runOnlyForDeploymentPostprocessing = 0;
		};
		F9D44C0A24AADA870034F14A /* Sources */ = {
			isa = PBXSourcesBuildPhase;
			buildActionMask = 2147483647;
			files = (
				F9D44C1324AADA870034F14A /* GCDDemoUITests.m in Sources */,
			);
			runOnlyForDeploymentPostprocessing = 0;
		};
/* End PBXSourcesBuildPhase section */

/* Begin PBXTargetDependency section */
		F9D44C0524AADA870034F14A /* PBXTargetDependency */ = {
			isa = PBXTargetDependency;
			target = F9D44BE724AADA830034F14A /* GCDDemo */;
			targetProxy = F9D44C0424AADA870034F14A /* PBXContainerItemProxy */;
		};
		F9D44C1024AADA870034F14A /* PBXTargetDependency */ = {
			isa = PBXTargetDependency;
			target = F9D44BE724AADA830034F14A /* GCDDemo */;
			targetProxy = F9D44C0F24AADA870034F14A /* PBXContainerItemProxy */;
		};
/* End PBXTargetDependency section */

/* Begin PBXVariantGroup section */
		F9D44BF424AADA830034F14A /* Main.storyboard */ = {
			isa = PBXVariantGroup;
			children = (
				F9D44BF524AADA830034F14A /* Base */,
			);
			name = Main.storyboard;
			sourceTree = "<group>";
		};
		F9D44BF924AADA860034F14A /* LaunchScreen.storyboard */ = {
			isa = PBXVariantGroup;
			children = (
				F9D44BFA24AADA860034F14A /* Base */,
			);
			name = LaunchScreen.storyboard;
			sourceTree = "<group>";
		};
/* End PBXVariantGroup section */

/* Begin XCBuildConfiguration section */
		F9D44C1524AADA870034F14A /* Debug */ = {
			isa = XCBuildConfiguration;
			buildSettings = {
				ALWAYS_SEARCH_USER_PATHS = NO;
				CLANG_ANALYZER_NONNULL = YES;
				CLANG_ANALYZER_NUMBER_OBJECT_CONVERSION = YES_AGGRESSIVE;
				CLANG_CXX_LANGUAGE_STANDARD = "gnu++14";
				CLANG_CXX_LIBRARY = "libc++";
				CLANG_ENABLE_MODULES = YES;
				CLANG_ENABLE_OBJC_ARC = YES;
				CLANG_ENABLE_OBJC_WEAK = YES;
				CLANG_WARN_BLOCK_CAPTURE_AUTORELEASING = YES;
				CLANG_WARN_BOOL_CONVERSION = YES;
				CLANG_WARN_COMMA = YES;
				CLANG_WARN_CONSTANT_CONVERSION = YES;
				CLANG_WARN_DEPRECATED_OBJC_IMPLEMENTATIONS = YES;
				CLANG_WARN_DIRECT_OBJC_ISA_USAGE = YES_ERROR;
				CLANG_WARN_DOCUMENTATION_COMMENTS = YES;
				CLANG_WARN_EMPTY_BODY = YES;
				CLANG_WARN_ENUM_CONVERSION = YES;
				CLANG_WARN_INFINITE_RECURSION = YES;
				CLANG_WARN_INT_CONVERSION = YES;
				CLANG_WARN_NON_LITERAL_NULL_CONVERSION = YES;
				CLANG_WARN_OBJC_IMPLICIT_RETAIN_SELF = YES;
				CLANG_WARN_OBJC_LITERAL_CONVERSION = YES;
				CLANG_WARN_OBJC_ROOT_CLASS = YES_ERROR;
				CLANG_WARN_RANGE_LOOP_ANALYSIS = YES;
				CLANG_WARN_STRICT_PROTOTYPES = YES;
				CLANG_WARN_SUSPICIOUS_MOVE = YES;
				CLANG_WARN_UNGUARDED_AVAILABILITY = YES_AGGRESSIVE;
				CLANG_WARN_UNREACHABLE_CODE = YES;
				CLANG_WARN__DUPLICATE_METHOD_MATCH = YES;
				COPY_PHASE_STRIP = NO;
				DEBUG_INFORMATION_FORMAT = dwarf;
				ENABLE_STRICT_OBJC_MSGSEND = YES;
				ENABLE_TESTABILITY = YES;
				GCC_C_LANGUAGE_STANDARD = gnu11;
				GCC_DYNAMIC_NO_PIC = NO;
				GCC_NO_COMMON_BLOCKS = YES;
				GCC_OPTIMIZATION_LEVEL = 0;
				GCC_PREPROCESSOR_DEFINITIONS = (
					"DEBUG=1",
					"$(inherited)",
				);
				GCC_WARN_64_TO_32_BIT_CONVERSION = YES;
				GCC_WARN_ABOUT_RETURN_TYPE = YES_ERROR;
				GCC_WARN_UNDECLARED_SELECTOR = YES;
				GCC_WARN_UNINITIALIZED_AUTOS = YES_AGGRESSIVE;
				GCC_WARN_UNUSED_FUNCTION = YES;
				GCC_WARN_UNUSED_VARIABLE = YES;
				IPHONEOS_DEPLOYMENT_TARGET = 13.5;
				MTL_ENABLE_DEBUG_INFO = INCLUDE_SOURCE;
				MTL_FAST_MATH = YES;
				ONLY_ACTIVE_ARCH = YES;
				SDKROOT = iphoneos;
			};
			name = Debug;
		};
		F9D44C1624AADA870034F14A /* Release */ = {
			isa = XCBuildConfiguration;
			buildSettings = {
				ALWAYS_SEARCH_USER_PATHS = NO;
				CLANG_ANALYZER_NONNULL = YES;
				CLANG_ANALYZER_NUMBER_OBJECT_CONVERSION = YES_AGGRESSIVE;
				CLANG_CXX_LANGUAGE_STANDARD = "gnu++14";
				CLANG_CXX_LIBRARY = "libc++";
				CLANG_ENABLE_MODULES = YES;
				CLANG_ENABLE_OBJC_ARC = YES;
				CLANG_ENABLE_OBJC_WEAK = YES;
				CLANG_WARN_BLOCK_CAPTURE_AUTORELEASING = YES;
				CLANG_WARN_BOOL_CONVERSION = YES;
				CLANG_WARN_COMMA = YES;
				CLANG_WARN_CONSTANT_CONVERSION = YES;
				CLANG_WARN_DEPRECATED_OBJC_IMPLEMENTATIONS = YES;
				CLANG_WARN_DIRECT_OBJC_ISA_USAGE = YES_ERROR;
				CLANG_WARN_DOCUMENTATION_COMMENTS = YES;
				CLANG_WARN_EMPTY_BODY = YES;
				CLANG_WARN_ENUM_CONVERSION = YES;
				CLANG_WARN_INFINITE_RECURSION = YES;
				CLANG_WARN_INT_CONVERSION = YES;
				CLANG_WARN_NON_LITERAL_NULL_CONVERSION = YES;
				CLANG_WARN_OBJC_IMPLICIT_RETAIN_SELF = YES;
				CLANG_WARN_OBJC_LITERAL_CONVERSION = YES;
				CLANG_WARN_OBJC_ROOT_CLASS = YES_ERROR;
				CLANG_WARN_RANGE_LOOP_ANALYSIS = YES;
				CLANG_WARN_STRICT_PROTOTYPES = YES;
				CLANG_WARN_SUSPICIOUS_MOVE = YES;
				CLANG_WARN_UNGUARDED_AVAILABILITY = YES_AGGRESSIVE;
				CLANG_WARN_UNREACHABLE_CODE = YES;
				CLANG_WARN__DUPLICATE_METHOD_MATCH = YES;
				COPY_PHASE_STRIP = NO;
				DEBUG_INFORMATION_FORMAT = "dwarf-with-dsym";
				ENABLE_NS_ASSERTIONS = NO;
				ENABLE_STRICT_OBJC_MSGSEND = YES;
				GCC_C_LANGUAGE_STANDARD = gnu11;
				GCC_NO_COMMON_BLOCKS = YES;
				GCC_WARN_64_TO_32_BIT_CONVERSION = YES;
				GCC_WARN_ABOUT_RETURN_TYPE = YES_ERROR;
				GCC_WARN_UNDECLARED_SELECTOR = YES;
				GCC_WARN_UNINITIALIZED_AUTOS = YES_AGGRESSIVE;
				GCC_WARN_UNUSED_FUNCTION = YES;
				GCC_WARN_UNUSED_VARIABLE = YES;
				IPHONEOS_DEPLOYMENT_TARGET = 13.5;
				MTL_ENABLE_DEBUG_INFO = NO;
				MTL_FAST_MATH = YES;
				SDKROOT = iphoneos;
				VALIDATE_PRODUCT = YES;
			};
			name = Release;
		};
		F9D44C1824AADA870034F14A /* Debug */ = {
			isa = XCBuildConfiguration;
			buildSettings = {
				ASSETCATALOG_COMPILER_APPICON_NAME = AppIcon;
				CODE_SIGN_STYLE = Automatic;
				DEVELOPMENT_TEAM = ACA6AGYV2X;
				INFOPLIST_FILE = GCDDemo/Info.plist;
				LD_RUNPATH_SEARCH_PATHS = (
					"$(inherited)",
					"@executable_path/Frameworks",
				);
				PRODUCT_BUNDLE_IDENTIFIER = com.dudu.GCDDemo;
				PRODUCT_NAME = "$(TARGET_NAME)";
				TARGETED_DEVICE_FAMILY = "1,2";
			};
			name = Debug;
		};
		F9D44C1924AADA870034F14A /* Release */ = {
			isa = XCBuildConfiguration;
			buildSettings = {
				ASSETCATALOG_COMPILER_APPICON_NAME = AppIcon;
				CODE_SIGN_STYLE = Automatic;
				DEVELOPMENT_TEAM = ACA6AGYV2X;
				INFOPLIST_FILE = GCDDemo/Info.plist;
				LD_RUNPATH_SEARCH_PATHS = (
					"$(inherited)",
					"@executable_path/Frameworks",
				);
				PRODUCT_BUNDLE_IDENTIFIER = com.dudu.GCDDemo;
				PRODUCT_NAME = "$(TARGET_NAME)";
				TARGETED_DEVICE_FAMILY = "1,2";
			};
			name = Release;
		};
		F9D44C1B24AADA870034F14A /* Debug */ = {
			isa = XCBuildConfiguration;
			buildSettings = {
				BUNDLE_LOADER = "$(TEST_HOST)";
				CODE_SIGN_STYLE = Automatic;
				DEVELOPMENT_TEAM = ACA6AGYV2X;
				INFOPLIST_FILE = GCDDemoTests/Info.plist;
				IPHONEOS_DEPLOYMENT_TARGET = 13.5;
				LD_RUNPATH_SEARCH_PATHS = (
					"$(inherited)",
					"@executable_path/Frameworks",
					"@loader_path/Frameworks",
				);
				PRODUCT_BUNDLE_IDENTIFIER = com.dudu.GCDDemoTests;
				PRODUCT_NAME = "$(TARGET_NAME)";
				TARGETED_DEVICE_FAMILY = "1,2";
				TEST_HOST = "$(BUILT_PRODUCTS_DIR)/GCDDemo.app/GCDDemo";
			};
			name = Debug;
		};
		F9D44C1C24AADA870034F14A /* Release */ = {
			isa = XCBuildConfiguration;
			buildSettings = {
				BUNDLE_LOADER = "$(TEST_HOST)";
				CODE_SIGN_STYLE = Automatic;
				DEVELOPMENT_TEAM = ACA6AGYV2X;
				INFOPLIST_FILE = GCDDemoTests/Info.plist;
				IPHONEOS_DEPLOYMENT_TARGET = 13.5;
				LD_RUNPATH_SEARCH_PATHS = (
					"$(inherited)",
					"@executable_path/Frameworks",
					"@loader_path/Frameworks",
				);
				PRODUCT_BUNDLE_IDENTIFIER = com.dudu.GCDDemoTests;
				PRODUCT_NAME = "$(TARGET_NAME)";
				TARGETED_DEVICE_FAMILY = "1,2";
				TEST_HOST = "$(BUILT_PRODUCTS_DIR)/GCDDemo.app/GCDDemo";
			};
			name = Release;
		};
		F9D44C1E24AADA870034F14A /* Debug */ = {
			isa = XCBuildConfiguration;
			buildSettings = {
				CODE_SIGN_STYLE = Automatic;
				DEVELOPMENT_TEAM = ACA6AGYV2X;
				INFOPLIST_FILE = GCDDemoUITests/Info.plist;
				LD_RUNPATH_SEARCH_PATHS = (
					"$(inherited)",
					"@executable_path/Frameworks",
					"@loader_path/Frameworks",
				);
				PRODUCT_BUNDLE_IDENTIFIER = com.dudu.GCDDemoUITests;
				PRODUCT_NAME = "$(TARGET_NAME)";
				TARGETED_DEVICE_FAMILY = "1,2";
				TEST_TARGET_NAME = GCDDemo;
			};
			name = Debug;
		};
		F9D44C1F24AADA870034F14A /* Release */ = {
			isa = XCBuildConfiguration;
			buildSettings = {
				CODE_SIGN_STYLE = Automatic;
				DEVELOPMENT_TEAM = ACA6AGYV2X;
				INFOPLIST_FILE = GCDDemoUITests/Info.plist;
				LD_RUNPATH_SEARCH_PATHS = (
					"$(inherited)",
					"@executable_path/Frameworks",
					"@loader_path/Frameworks",
				);
				PRODUCT_BUNDLE_IDENTIFIER = com.dudu.GCDDemoUITests;
				PRODUCT_NAME = "$(TARGET_NAME)";
				TARGETED_DEVICE_FAMILY = "1,2";
				TEST_TARGET_NAME = GCDDemo;
			};
			name = Release;
		};
/* End XCBuildConfiguration section */

/* Begin XCConfigurationList section */
		F9D44BE324AADA830034F14A /* Build configuration list for PBXProject "GCDDemo" */ = {
			isa = XCConfigurationList;
			buildConfigurations = (
				F9D44C1524AADA870034F14A /* Debug */,
				F9D44C1624AADA870034F14A /* Release */,
			);
			defaultConfigurationIsVisible = 0;
			defaultConfigurationName = Release;
		};
		F9D44C1724AADA870034F14A /* Build configuration list for PBXNativeTarget "GCDDemo" */ = {
			isa = XCConfigurationList;
			buildConfigurations = (
				F9D44C1824AADA870034F14A /* Debug */,
				F9D44C1924AADA870034F14A /* Release */,
			);
			defaultConfigurationIsVisible = 0;
			defaultConfigurationName = Release;
		};
		F9D44C1A24AADA870034F14A /* Build configuration list for PBXNativeTarget "GCDDemoTests" */ = {
			isa = XCConfigurationList;
			buildConfigurations = (
				F9D44C1B24AADA870034F14A /* Debug */,
				F9D44C1C24AADA870034F14A /* Release */,
			);
			defaultConfigurationIsVisible = 0;
			defaultConfigurationName = Release;
		};
		F9D44C1D24AADA870034F14A /* Build configuration list for PBXNativeTarget "GCDDemoUITests" */ = {
			isa = XCConfigurationList;
			buildConfigurations = (
				F9D44C1E24AADA870034F14A /* Debug */,
				F9D44C1F24AADA870034F14A /* Release */,
			);
			defaultConfigurationIsVisible = 0;
			defaultConfigurationName = Release;
		};
/* End XCConfigurationList section */
	};
	rootObject = F9D44BE024AADA830034F14A /* Project object */;
}
